
Microsoft Visual Studio Solution File, Format Version 12.00
# Visual Studio Version 16
VisualStudioVersion = 16.0.30803.129
MinimumVisualStudioVersion = 10.0.40219.1
Project("{C7167F0D-BC9F-4E6E-AFE1-012C56B48DB5}") = "WinUIDesktopCppApp (Package)", "WinUIDesktopCppApp (Package)\WinUIDesktopCppApp (Package).wapproj", "{3F3BC34F-446A-4BAD-9493-F5E876968F12}"
EndProject
Project("{8BC9CEB8-8B4A-11D0-8D11-00A0C91BC942}") = "WinUIDesktopCppApp", "WinUIDesktopCppApp\WinUIDesktopCppApp.vcxproj", "{93804ECE-4BEB-4C64-B12A-A6E293F2E62B}"
EndProject
Global
	GlobalSection(SolutionConfigurationPlatforms) = preSolution
		Debug|arm64 = Debug|arm64
		Debug|x64 = Debug|x64
		Debug|x86 = Debug|x86
		Release|arm64 = Release|arm64
		Release|x64 = Release|x64
		Release|x86 = Release|x86
	EndGlobalSection
	GlobalSection(ProjectConfigurationPlatforms) = postSolution
		{3F3BC34F-446A-4BAD-9493-F5E876968F12}.Debug|arm64.ActiveCfg = Debug|arm64
		{3F3BC34F-446A-4BAD-9493-F5E876968F12}.Debug|arm64.Build.0 = Debug|arm64
		{3F3BC34F-446A-4BAD-9493-F5E876968F12}.Debug|arm64.Deploy.0 = Debug|arm64
		{3F3BC34F-446A-4BAD-9493-F5E876968F12}.Debug|x64.ActiveCfg = Debug|x64
		{3F3BC34F-446A-4BAD-9493-F5E876968F12}.Debug|x64.Build.0 = Debug|x64
		{3F3BC34F-446A-4BAD-9493-F5E876968F12}.Debug|x64.Deploy.0 = Debug|x64
		{3F3BC34F-446A-4BAD-9493-F5E876968F12}.Debug|x86.ActiveCfg = Debug|x86
		{3F3BC34F-446A-4BAD-9493-F5E876968F12}.Debug|x86.Build.0 = Debug|x86
		{3F3BC34F-446A-4BAD-9493-F5E876968F12}.Debug|x86.Deploy.0 = Debug|x86
		{3F3BC34F-446A-4BAD-9493-F5E876968F12}.Release|arm64.ActiveCfg = Release|arm64
		{3F3BC34F-446A-4BAD-9493-F5E876968F12}.Release|arm64.Build.0 = Release|arm64
		{3F3BC34F-446A-4BAD-9493-F5E876968F12}.Release|arm64.Deploy.0 = Release|arm64
		{3F3BC34F-446A-4BAD-9493-F5E876968F12}.Release|x64.ActiveCfg = Release|x64
		{3F3BC34F-446A-4BAD-9493-F5E876968F12}.Release|x64.Build.0 = Release|x64
		{3F3BC34F-446A-4BAD-9493-F5E876968F12}.Release|x64.Deploy.0 = Release|x64
		{3F3BC34F-446A-4BAD-9493-F5E876968F12}.Release|x86.ActiveCfg = Release|x86
		{3F3BC34F-446A-4BAD-9493-F5E876968F12}.Release|x86.Build.0 = Release|x86
		{3F3BC34F-446A-4BAD-9493-F5E876968F12}.Release|x86.Deploy.0 = Release|x86
		{93804ECE-4BEB-4C64-B12A-A6E293F2E62B}.Debug|arm64.ActiveCfg = Debug|arm64
		{93804ECE-4BEB-4C64-B12A-A6E293F2E62B}.Debug|arm64.Build.0 = Debug|arm64
		{93804ECE-4BEB-4C64-B12A-A6E293F2E62B}.Debug|x64.ActiveCfg = Debug|x64
		{93804ECE-4BEB-4C64-B12A-A6E293F2E62B}.Debug|x64.Build.0 = Debug|x64
		{93804ECE-4BEB-4C64-B12A-A6E293F2E62B}.Debug|x86.ActiveCfg = Debug|Win32
		{93804ECE-4BEB-4C64-B12A-A6E293F2E62B}.Debug|x86.Build.0 = Debug|Win32
		{93804ECE-4BEB-4C64-B12A-A6E293F2E62B}.Release|arm64.ActiveCfg = Release|arm64
		{93804ECE-4BEB-4C64-B12A-A6E293F2E62B}.Release|arm64.Build.0 = Release|arm64
		{93804ECE-4BEB-4C64-B12A-A6E293F2E62B}.Release|x64.ActiveCfg = Release|x64
		{93804ECE-4BEB-4C64-B12A-A6E293F2E62B}.Release|x64.Build.0 = Release|x64
		{93804ECE-4BEB-4C64-B12A-A6E293F2E62B}.Release|x86.ActiveCfg = Release|Win32
		{93804ECE-4BEB-4C64-B12A-A6E293F2E62B}.Release|x86.Build.0 = Release|Win32
	EndGlobalSection
	GlobalSection(SolutionProperties) = preSolution
		HideSolutionNode = FALSE
	EndGlobalSection
	GlobalSection(ExtensibilityGlobals) = postSolution
		SolutionGuid = {11C3068F-1F74-4234-8D31-08E78486C50F}
	EndGlobalSection
EndGlobal
